{
  "name": "norwegian-phone",
  "version": "1.0.0",
  "lockfileVersion": 1,
  "requires": true,
  "dependencies": {
    "norwegian-utils": {
      "version": "0.3.1",
      "resolved": "https://registry.npmjs.org/norwegian-utils/-/norwegian-utils-0.3.1.tgz",
      "integrity": "sha512-4souQ9hgKOhu6VJz+NiqHgmxALCA/iCgGZ55pZQ4twnuhsI4ZRDjH0y90f88ftjdO4BAdD9H463XiWBSCrM8tQ=="
    }
  }
}
